
Microsoft Visual Studio Solution File, Format Version 11.00
# Visual Studio 2010
Project("{FAE04EC0-301F-11D3-BF4B-00C04F79EFBC}") = "ExampleDMPPlugin", "ExampleDMPPlugin\ExampleDMPPlugin.csproj", "{0114B783-4821-4AED-85F5-138FD7A575A1}"
EndProject
Global
	GlobalSection(SolutionConfigurationPlatforms) = preSolution
		Debug|x86 = Debug|x86
		Release|x86 = Release|x86
	EndGlobalSection
	GlobalSection(ProjectConfigurationPlatforms) = postSolution
		{0114B783-4821-4AED-85F5-138FD7A575A1}.Debug|x86.ActiveCfg = Debug|x86
		{0114B783-4821-4AED-85F5-138FD7A575A1}.Debug|x86.Build.0 = Debug|x86
		{0114B783-4821-4AED-85F5-138FD7A575A1}.Release|x86.ActiveCfg = Release|x86
		{0114B783-4821-4AED-85F5-138FD7A575A1}.Release|x86.Build.0 = Release|x86
	EndGlobalSection
	GlobalSection(MonoDevelopProperties) = preSolution
		StartupItem = ExampleDMPPlugin\ExampleDMPPlugin.csproj
	EndGlobalSection
EndGlobal
